{
  "version": 4,
  "terraform_version": "1.1.8",
  "serial": 9,
  "lineage": "5e7fef39-cba4-3fbd-3146-0da36fa5aabe",
  "outputs": {
    "access_key": {
      "value": "YCAJEWuVkETRZRfAhaB0PIShG",
      "type": "string"
    },
    "external_ip_address_sf-vm-1": {
      "value": "51.250.98.48",
      "type": "string"
    },
    "internal_ip_address_sf-vm-1": {
      "value": "192.168.10.9",
      "type": "string"
    },
    "secret_key": {
      "value": "YCP2Eel0gp1QiYB1jfvjEnQ5D4MoitvIam4d-i5I",
      "type": "string",
      "sensitive": true
    }
  },
  "resources": [
    {
      "mode": "data",
      "type": "yandex_compute_image",
      "name": "my_image",
      "provider": "provider[\"terraform-registry.storage.yandexcloud.net/yandex-cloud/yandex\"]",
      "instances": [
        {
          "schema_version": 0,
          "attributes": {
            "created_at": "2022-04-11T10:41:02Z",
            "description": "LEMP",
            "family": "lemp",
            "folder_id": "standard-images",
            "id": "fd89p7c1733dg28ssvev",
            "image_id": "fd89p7c1733dg28ssvev",
            "labels": {},
            "min_disk_size": 3,
            "name": "lemp-v20220411",
            "os_type": "linux",
            "pooled": true,
            "product_ids": [
              "f2e5sr0ee6duj0oc0h5e",
              "f2e6lt4capt8mdgr91bs"
            ],
            "size": 2,
            "status": "ready"
          },
          "sensitive_attributes": []
        }
      ]
    },
    {
      "mode": "managed",
      "type": "yandex_compute_instance",
      "name": "sf-vm-1",
      "provider": "provider[\"terraform-registry.storage.yandexcloud.net/yandex-cloud/yandex\"]",
      "instances": [
        {
          "schema_version": 1,
          "attributes": {
            "allow_stopping_for_update": null,
            "boot_disk": [
              {
                "auto_delete": true,
                "device_name": "epd3s338gmrq8g3s62pc",
                "disk_id": "epd3s338gmrq8g3s62pc",
                "initialize_params": [
                  {
                    "block_size": 4096,
                    "description": "",
                    "image_id": "fd89p7c1733dg28ssvev",
                    "name": "",
                    "size": 3,
                    "snapshot_id": "",
                    "type": "network-hdd"
                  }
                ],
                "mode": "READ_WRITE"
              }
            ],
            "created_at": "2022-04-15T06:09:06Z",
            "description": "",
            "folder_id": "b1glq6vjtf2m7q3d569u",
            "fqdn": "epdtae5ruq1fptbb53od.auto.internal",
            "hostname": "epdtae5ruq1fptbb53od",
            "id": "epdtae5ruq1fptbb53od",
            "labels": {},
            "metadata": {
              "ssh-keys": "ubuntu:ssh-rsa AAAAB3NzaC1yc2EAAAADAQABAAABgQDpdKatuQzrw1e2z4fKO/+XrUMn6Oqdzi1CBfb6pUw9XWsBd8rTA8rUpeiVXbvs3wr4FPdMJokZ5twgVkgm3voZOMgvtuLO8WPk3mnqXAeXSfsjkL/dh3sIHztKLSRY7tXbVWhLQRriCzdW6V3F4EGzl0Fyo5kLR9JL0zLZMyPrgBsT7CqZhLbfdPWocxj3ozhD4u0iPhGxZvjFXCZFw6dQ5K2GnUgAtM0Ed45Q24OZJvHtKdnd/6vsP+9bKGdx+oKnr9SYh+NwqkRPC1pW3EoTstfKtYzyzMQ8sgFGVvBLV0UEXsjSYzitvL/au+Yvc+9WzzCOL1JNOvAeqhhuvRjaO6df54K+8f/2PDUbWMOlU///pLCfUdZL3du7wU/DL0rqht2tpyD0zzqmF0DShVRN/mP9voZPTZ1qQXg1XjrJo1TWjM4XjPcwREIjZpWgqv7C9GThskpeO3ddElqD3lwHkQm/hehK4fUfYhfoRe/PVdCTufCKA0L3I8qJD8Hi4Yc= xhronx@ubuntu\n"
            },
            "name": "sf-vm-1",
            "network_acceleration_type": "standard",
            "network_interface": [
              {
                "dns_record": [],
                "index": 0,
                "ip_address": "192.168.10.9",
                "ipv4": true,
                "ipv6": false,
                "ipv6_address": "",
                "ipv6_dns_record": [],
                "mac_address": "d0:0d:1d:53:8b:bf",
                "nat": true,
                "nat_dns_record": [],
                "nat_ip_address": "51.250.98.48",
                "nat_ip_version": "IPV4",
                "security_group_ids": [],
                "subnet_id": "e2lf9cluu8icq8g9sqk0"
              }
            ],
            "placement_policy": [
              {
                "placement_group_id": ""
              }
            ],
            "platform_id": "standard-v1",
            "resources": [
              {
                "core_fraction": 100,
                "cores": 2,
                "gpus": 0,
                "memory": 2
              }
            ],
            "scheduling_policy": [
              {
                "preemptible": false
              }
            ],
            "secondary_disk": [],
            "service_account_id": "",
            "status": "running",
            "timeouts": null,
            "zone": "ru-central1-b"
          },
          "sensitive_attributes": [],
          "private": "eyJlMmJmYjczMC1lY2FhLTExZTYtOGY4OC0zNDM2M2JjN2M0YzAiOnsiY3JlYXRlIjozMDAwMDAwMDAwMDAsImRlbGV0ZSI6MzAwMDAwMDAwMDAwLCJ1cGRhdGUiOjMwMDAwMDAwMDAwMH0sInNjaGVtYV92ZXJzaW9uIjoiMSJ9",
          "dependencies": [
            "data.yandex_compute_image.my_image",
            "yandex_vpc_network.foo",
            "yandex_vpc_subnet.foo"
          ]
        }
      ]
    },
    {
      "mode": "managed",
      "type": "yandex_iam_service_account",
      "name": "sasa",
      "provider": "provider[\"terraform-registry.storage.yandexcloud.net/yandex-cloud/yandex\"]",
      "instances": [
        {
          "schema_version": 0,
          "attributes": {
            "created_at": "2022-04-15T06:09:04Z",
            "description": "sf service account to manage VMs",
            "folder_id": "b1glq6vjtf2m7q3d569u",
            "id": "ajehg9cnhphbc34ub0jt",
            "name": "xhronx",
            "timeouts": null
          },
          "sensitive_attributes": [],
          "private": "eyJlMmJmYjczMC1lY2FhLTExZTYtOGY4OC0zNDM2M2JjN2M0YzAiOnsiY3JlYXRlIjo2MDAwMDAwMDAwMCwiZGVsZXRlIjo2MDAwMDAwMDAwMCwidXBkYXRlIjo2MDAwMDAwMDAwMH19"
        }
      ]
    },
    {
      "mode": "managed",
      "type": "yandex_iam_service_account_static_access_key",
      "name": "sasa-static-key",
      "provider": "provider[\"terraform-registry.storage.yandexcloud.net/yandex-cloud/yandex\"]",
      "instances": [
        {
          "schema_version": 0,
          "attributes": {
            "access_key": "YCAJEWuVkETRZRfAhaB0PIShG",
            "created_at": "2022-04-15T06:09:05Z",
            "description": "static access key for object storage sfamd",
            "encrypted_secret_key": null,
            "id": "ajetf38qbp3pdu4b0d1u",
            "key_fingerprint": null,
            "pgp_key": null,
            "secret_key": "YCP2Eel0gp1QiYB1jfvjEnQ5D4MoitvIam4d-i5I",
            "service_account_id": "ajehg9cnhphbc34ub0jt"
          },
          "sensitive_attributes": [],
          "private": "bnVsbA==",
          "dependencies": [
            "yandex_iam_service_account.sasa"
          ]
        }
      ]
    },
    {
      "mode": "managed",
      "type": "yandex_resourcemanager_folder_iam_member",
      "name": "admin",
      "provider": "provider[\"terraform-registry.storage.yandexcloud.net/yandex-cloud/yandex\"]",
      "instances": [
        {
          "schema_version": 0,
          "attributes": {
            "folder_id": "b1glq6vjtf2m7q3d569u",
            "id": "b1glq6vjtf2m7q3d569u/storage.editor/serviceAccount:ajehg9cnhphbc34ub0jt",
            "member": "serviceAccount:ajehg9cnhphbc34ub0jt",
            "role": "storage.editor",
            "sleep_after": null
          },
          "sensitive_attributes": [],
          "private": "bnVsbA==",
          "dependencies": [
            "yandex_iam_service_account.sasa"
          ]
        }
      ]
    },
    {
      "mode": "managed",
      "type": "yandex_storage_bucket",
      "name": "test",
      "provider": "provider[\"terraform-registry.storage.yandexcloud.net/yandex-cloud/yandex\"]",
      "instances": [
        {
          "schema_version": 0,
          "attributes": {
            "access_key": "YCAJEWuVkETRZRfAhaB0PIShG",
            "acl": "private",
            "bucket": "sf-tf-test-bucket-1",
            "bucket_domain_name": "sf-tf-test-bucket-1.storage.yandexcloud.net",
            "bucket_prefix": null,
            "cors_rule": [],
            "force_destroy": false,
            "grant": [],
            "id": "sf-tf-test-bucket-1",
            "lifecycle_rule": [],
            "logging": [],
            "policy": null,
            "secret_key": "YCP2Eel0gp1QiYB1jfvjEnQ5D4MoitvIam4d-i5I",
            "server_side_encryption_configuration": [],
            "versioning": [
              {
                "enabled": false
              }
            ],
            "website": [],
            "website_domain": null,
            "website_endpoint": null
          },
          "sensitive_attributes": [
            [
              {
                "type": "get_attr",
                "value": "secret_key"
              }
            ]
          ],
          "private": "bnVsbA==",
          "dependencies": [
            "yandex_iam_service_account_static_access_key.sasa-static-key"
          ]
        }
      ]
    },
    {
      "mode": "managed",
      "type": "yandex_vpc_network",
      "name": "foo",
      "provider": "provider[\"terraform-registry.storage.yandexcloud.net/yandex-cloud/yandex\"]",
      "instances": [
        {
          "schema_version": 0,
          "attributes": {
            "created_at": "2022-04-15T06:09:04Z",
            "default_security_group_id": "",
            "description": "",
            "folder_id": "b1glq6vjtf2m7q3d569u",
            "id": "enpagd6stc4d42o844ih",
            "labels": {},
            "name": "sf-network-1",
            "subnet_ids": [
              "e2lf9cluu8icq8g9sqk0"
            ],
            "timeouts": null
          },
          "sensitive_attributes": [],
          "private": "eyJlMmJmYjczMC1lY2FhLTExZTYtOGY4OC0zNDM2M2JjN2M0YzAiOnsiY3JlYXRlIjo2MDAwMDAwMDAwMCwiZGVsZXRlIjo2MDAwMDAwMDAwMCwidXBkYXRlIjo2MDAwMDAwMDAwMH19"
        }
      ]
    },
    {
      "mode": "managed",
      "type": "yandex_vpc_subnet",
      "name": "foo",
      "provider": "provider[\"terraform-registry.storage.yandexcloud.net/yandex-cloud/yandex\"]",
      "instances": [
        {
          "schema_version": 0,
          "attributes": {
            "created_at": "2022-04-15T06:09:05Z",
            "description": "",
            "dhcp_options": [],
            "folder_id": "b1glq6vjtf2m7q3d569u",
            "id": "e2lf9cluu8icq8g9sqk0",
            "labels": {},
            "name": "sf-subnet-1",
            "network_id": "enpagd6stc4d42o844ih",
            "route_table_id": "",
            "timeouts": null,
            "v4_cidr_blocks": [
              "192.168.10.0/24"
            ],
            "v6_cidr_blocks": [],
            "zone": "ru-central1-b"
          },
          "sensitive_attributes": [],
          "private": "eyJlMmJmYjczMC1lY2FhLTExZTYtOGY4OC0zNDM2M2JjN2M0YzAiOnsiY3JlYXRlIjoxODAwMDAwMDAwMDAsImRlbGV0ZSI6MTgwMDAwMDAwMDAwLCJ1cGRhdGUiOjE4MDAwMDAwMDAwMH19",
          "dependencies": [
            "yandex_vpc_network.foo"
          ]
        }
      ]
    }
  ]
}
