{
  "version": 4,
  "terraform_version": "1.1.7",
  "serial": 8,
  "lineage": "3f498fa0-c608-c993-c7c8-3e7a74b4a639",
  "outputs": {},
  "resources": [
    {
      "mode": "managed",
      "type": "yandex_vpc_network",
      "name": "foo",
      "provider": "provider[\"terraform-registry.storage.yandexcloud.net/yandex-cloud/yandex\"]",
      "instances": [
        {
          "schema_version": 0,
          "attributes": {
            "created_at": "2022-04-06T16:35:54Z",
            "default_security_group_id": "",
            "description": "",
            "folder_id": "b1gc2kft2tqjiqe4it7d",
            "id": "enplcdrqc8vmt7nh60ov",
            "labels": {},
            "name": "",
            "subnet_ids": [],
            "timeouts": null
          },
          "sensitive_attributes": [],
          "private": "eyJlMmJmYjczMC1lY2FhLTExZTYtOGY4OC0zNDM2M2JjN2M0YzAiOnsiY3JlYXRlIjo2MDAwMDAwMDAwMCwiZGVsZXRlIjo2MDAwMDAwMDAwMCwidXBkYXRlIjo2MDAwMDAwMDAwMH19"
        }
      ]
    }
  ]
}
