{
  "version": 4,
  "terraform_version": "1.1.7",
  "serial": 100,
  "lineage": "3f498fa0-c608-c993-c7c8-3e7a74b4a639",
  "outputs": {
    "access_key": {
      "value": "YCAJERBUd4U-pDg8MlIvc8FPF",
      "type": "string"
    },
    "external_ip_address_sf-vm-1": {
      "value": "51.250.97.151",
      "type": "string"
    },
    "internal_ip_address_sf-vm-1": {
      "value": "192.168.10.13",
      "type": "string"
    },
    "secret_key": {
      "value": "YCOXeBq_L9VMnOBkvRPWBph_0Xkuh1xs5yD2JwNk",
      "type": "string",
      "sensitive": true
    }
  },
  "resources": [
    {
      "mode": "data",
      "type": "yandex_compute_image",
      "name": "my_image",
      "provider": "provider[\"terraform-registry.storage.yandexcloud.net/yandex-cloud/yandex\"]",
      "instances": [
        {
          "schema_version": 0,
          "attributes": {
            "created_at": "2022-04-11T10:41:02Z",
            "description": "LEMP",
            "family": "lemp",
            "folder_id": "standard-images",
            "id": "fd89p7c1733dg28ssvev",
            "image_id": "fd89p7c1733dg28ssvev",
            "labels": {},
            "min_disk_size": 3,
            "name": "lemp-v20220411",
            "os_type": "linux",
            "pooled": true,
            "product_ids": [
              "f2e5sr0ee6duj0oc0h5e",
              "f2e6lt4capt8mdgr91bs"
            ],
            "size": 2,
            "status": "ready"
          },
          "sensitive_attributes": []
        }
      ]
    },
    {
      "mode": "managed",
      "type": "yandex_compute_instance",
      "name": "sf-vm-1",
      "provider": "provider[\"terraform-registry.storage.yandexcloud.net/yandex-cloud/yandex\"]",
      "instances": [
        {
          "schema_version": 1,
          "attributes": {
            "allow_stopping_for_update": null,
            "boot_disk": [
              {
                "auto_delete": true,
                "device_name": "epdqo9agl2djp4gbp828",
                "disk_id": "epdqo9agl2djp4gbp828",
                "initialize_params": [
                  {
                    "block_size": 4096,
                    "description": "",
                    "image_id": "fd89p7c1733dg28ssvev",
                    "name": "",
                    "size": 3,
                    "snapshot_id": "",
                    "type": "network-hdd"
                  }
                ],
                "mode": "READ_WRITE"
              }
            ],
            "created_at": "2022-04-12T07:14:41Z",
            "description": "",
            "folder_id": "b1gc2kft2tqjiqe4it7d",
            "fqdn": "epd3sfvjrakbs98k3jmb.auto.internal",
            "hostname": "epd3sfvjrakbs98k3jmb",
            "id": "epd3sfvjrakbs98k3jmb",
            "labels": null,
            "metadata": {
              "ssh-keys": "ubuntu:ssh-rsa AAAAB3NzaC1yc2EAAAADAQABAAACAQDCsz6VPkRNdNOCgdJ/l22NRYZn3wZ8EYDV33sz0RbifH3B5rvcrIUWzFwYfd4p8jUF0goNH2WFwYE/mO1sDM8scaT8vbnERIiayDFYn9+BlElyPzimvqCGy0Mk0UmFOj0dRBF3Pby4DWpIlTIU/sytKoec41eJ50O071Z37QX8IJ4QuP6aaJzg4p0/NtUUywFyIjsrEkEAHEeVYVzA+Fp48Xr2/301nV+4VfKAQBcIn/DalGvqt1KD1lIt0flrpgDpOFeFfHkUtL6vwtaotns6byog9SqztOHCt2MTcc0JW72SWDny91BTnPH9UPGX86X7azW1mF/ud6Sj9Ytc8kDvnnBKQ6CusYoZ3ioGwNvbJiqo2TcthjvdmpazHCErHQ2W03uf2EN+cMdIY9DLyRy/BsAJhYKSNyQXxkCcu6dK3DYcOH54hoSEGtAoLmLbOQZMZtzCZYugS93uFRri5yAf4qjwhGZbtd+THHTc6ihd++Pvs17uHeNMuA03SZmhsDFfv4cAW9ebGmvjh+HA82ZWnIgK4P2WaWVRI7b+LL2TxP4sG4V7P8BlOr8qkECbzUGXdPb7L8iIeiVMG6jz9P5uJwHGyEnkJXf54m49xdRGm5WL4S8dvzgOpjusLk7eu1R1rwnlriuNdbI9XT4WI2Y+08KTsgnpwwoNSfen09wgvw== hronos@HOME-PC\r\n"
            },
            "name": "sf-vm-1",
            "network_acceleration_type": "standard",
            "network_interface": [
              {
                "dns_record": [],
                "index": 0,
                "ip_address": "192.168.10.13",
                "ipv4": true,
                "ipv6": false,
                "ipv6_address": "",
                "ipv6_dns_record": [],
                "mac_address": "d0:0d:3e:3f:f3:da",
                "nat": true,
                "nat_dns_record": [],
                "nat_ip_address": "51.250.97.151",
                "nat_ip_version": "IPV4",
                "security_group_ids": [],
                "subnet_id": "e2lln4ffghnogqgip25m"
              }
            ],
            "placement_policy": [
              {
                "placement_group_id": ""
              }
            ],
            "platform_id": "standard-v1",
            "resources": [
              {
                "core_fraction": 100,
                "cores": 2,
                "gpus": 0,
                "memory": 2
              }
            ],
            "scheduling_policy": [
              {
                "preemptible": false
              }
            ],
            "secondary_disk": [],
            "service_account_id": "",
            "status": "running",
            "timeouts": null,
            "zone": "ru-central1-b"
          },
          "sensitive_attributes": [],
          "private": "eyJlMmJmYjczMC1lY2FhLTExZTYtOGY4OC0zNDM2M2JjN2M0YzAiOnsiY3JlYXRlIjozMDAwMDAwMDAwMDAsImRlbGV0ZSI6MzAwMDAwMDAwMDAwLCJ1cGRhdGUiOjMwMDAwMDAwMDAwMH0sInNjaGVtYV92ZXJzaW9uIjoiMSJ9",
          "dependencies": [
            "data.yandex_compute_image.my_image",
            "yandex_vpc_network.foo",
            "yandex_vpc_subnet.foo"
          ]
        }
      ]
    },
    {
      "mode": "managed",
      "type": "yandex_iam_service_account",
      "name": "sasa",
      "provider": "provider[\"terraform-registry.storage.yandexcloud.net/yandex-cloud/yandex\"]",
      "instances": [
        {
          "schema_version": 0,
          "attributes": {
            "created_at": "2022-04-12T07:14:39Z",
            "description": "sf service account to manage VMs",
            "folder_id": "b1gc2kft2tqjiqe4it7d",
            "id": "ajep0nsrfb0qj3krtqih",
            "name": "sfadm",
            "timeouts": null
          },
          "sensitive_attributes": [],
          "private": "eyJlMmJmYjczMC1lY2FhLTExZTYtOGY4OC0zNDM2M2JjN2M0YzAiOnsiY3JlYXRlIjo2MDAwMDAwMDAwMCwiZGVsZXRlIjo2MDAwMDAwMDAwMCwidXBkYXRlIjo2MDAwMDAwMDAwMH19"
        }
      ]
    },
    {
      "mode": "managed",
      "type": "yandex_iam_service_account_static_access_key",
      "name": "sasa-static-key",
      "provider": "provider[\"terraform-registry.storage.yandexcloud.net/yandex-cloud/yandex\"]",
      "instances": [
        {
          "schema_version": 0,
          "attributes": {
            "access_key": "YCAJERBUd4U-pDg8MlIvc8FPF",
            "created_at": "2022-04-12T07:14:40Z",
            "description": "static access key for object storage sfamd",
            "encrypted_secret_key": null,
            "id": "ajeesgtrl4jvm1q5hhf9",
            "key_fingerprint": null,
            "pgp_key": null,
            "secret_key": "YCOXeBq_L9VMnOBkvRPWBph_0Xkuh1xs5yD2JwNk",
            "service_account_id": "ajep0nsrfb0qj3krtqih"
          },
          "sensitive_attributes": [],
          "private": "bnVsbA==",
          "dependencies": [
            "yandex_iam_service_account.sasa"
          ]
        }
      ]
    },
    {
      "mode": "managed",
      "type": "yandex_resourcemanager_folder_iam_member",
      "name": "admin",
      "provider": "provider[\"terraform-registry.storage.yandexcloud.net/yandex-cloud/yandex\"]",
      "instances": [
        {
          "schema_version": 0,
          "attributes": {
            "folder_id": "b1gc2kft2tqjiqe4it7d",
            "id": "b1gc2kft2tqjiqe4it7d/storage.editor/serviceAccount:ajep0nsrfb0qj3krtqih",
            "member": "serviceAccount:ajep0nsrfb0qj3krtqih",
            "role": "storage.editor",
            "sleep_after": null
          },
          "sensitive_attributes": [],
          "private": "bnVsbA==",
          "dependencies": [
            "yandex_iam_service_account.sasa"
          ]
        }
      ]
    },
    {
      "mode": "managed",
      "type": "yandex_vpc_network",
      "name": "foo",
      "provider": "provider[\"terraform-registry.storage.yandexcloud.net/yandex-cloud/yandex\"]",
      "instances": [
        {
          "schema_version": 0,
          "attributes": {
            "created_at": "2022-04-12T07:14:39Z",
            "default_security_group_id": "",
            "description": "",
            "folder_id": "b1gc2kft2tqjiqe4it7d",
            "id": "enpt2d4gv65es2md9re7",
            "labels": {},
            "name": "sf-network-1",
            "subnet_ids": [],
            "timeouts": null
          },
          "sensitive_attributes": [],
          "private": "eyJlMmJmYjczMC1lY2FhLTExZTYtOGY4OC0zNDM2M2JjN2M0YzAiOnsiY3JlYXRlIjo2MDAwMDAwMDAwMCwiZGVsZXRlIjo2MDAwMDAwMDAwMCwidXBkYXRlIjo2MDAwMDAwMDAwMH19"
        }
      ]
    },
    {
      "mode": "managed",
      "type": "yandex_vpc_subnet",
      "name": "foo",
      "provider": "provider[\"terraform-registry.storage.yandexcloud.net/yandex-cloud/yandex\"]",
      "instances": [
        {
          "schema_version": 0,
          "attributes": {
            "created_at": "2022-04-12T07:14:40Z",
            "description": "",
            "dhcp_options": [],
            "folder_id": "b1gc2kft2tqjiqe4it7d",
            "id": "e2lln4ffghnogqgip25m",
            "labels": {},
            "name": "sf-subnet-1",
            "network_id": "enpt2d4gv65es2md9re7",
            "route_table_id": "",
            "timeouts": null,
            "v4_cidr_blocks": [
              "192.168.10.0/24"
            ],
            "v6_cidr_blocks": [],
            "zone": "ru-central1-b"
          },
          "sensitive_attributes": [],
          "private": "eyJlMmJmYjczMC1lY2FhLTExZTYtOGY4OC0zNDM2M2JjN2M0YzAiOnsiY3JlYXRlIjoxODAwMDAwMDAwMDAsImRlbGV0ZSI6MTgwMDAwMDAwMDAwLCJ1cGRhdGUiOjE4MDAwMDAwMDAwMH19",
          "dependencies": [
            "yandex_vpc_network.foo"
          ]
        }
      ]
    }
  ]
}
