{
  "version": 4,
  "terraform_version": "1.1.8",
  "serial": 108,
  "lineage": "3f498fa0-c608-c993-c7c8-3e7a74b4a639",
  "outputs": {
    "access_key": {
      "value": "YCAJEF2n1fZ8ivvLGe0sHK455",
      "type": "string"
    },
    "external_ip_address_sf-vm-1": {
      "value": "51.250.107.200",
      "type": "string"
    },
    "internal_ip_address_sf-vm-1": {
      "value": "192.168.10.25",
      "type": "string"
    },
    "secret_key": {
      "value": "YCOwl32O4N-fc9N11T52CVDy2iBt9GTtnPtuby25",
      "type": "string",
      "sensitive": true
    }
  },
  "resources": [
    {
      "mode": "data",
      "type": "yandex_compute_image",
      "name": "my_image",
      "provider": "provider[\"terraform-registry.storage.yandexcloud.net/yandex-cloud/yandex\"]",
      "instances": [
        {
          "schema_version": 0,
          "attributes": {
            "created_at": "2022-04-11T10:41:02Z",
            "description": "LEMP",
            "family": "lemp",
            "folder_id": "standard-images",
            "id": "fd89p7c1733dg28ssvev",
            "image_id": "fd89p7c1733dg28ssvev",
            "labels": {},
            "min_disk_size": 3,
            "name": "lemp-v20220411",
            "os_type": "linux",
            "pooled": true,
            "product_ids": [
              "f2e5sr0ee6duj0oc0h5e",
              "f2e6lt4capt8mdgr91bs"
            ],
            "size": 2,
            "status": "ready"
          },
          "sensitive_attributes": []
        }
      ]
    },
    {
      "mode": "managed",
      "type": "yandex_compute_instance",
      "name": "sf-vm-1",
      "provider": "provider[\"terraform-registry.storage.yandexcloud.net/yandex-cloud/yandex\"]",
      "instances": [
        {
          "schema_version": 1,
          "attributes": {
            "allow_stopping_for_update": null,
            "boot_disk": [
              {
                "auto_delete": true,
                "device_name": "epd1inkovlm5qtb1gu4u",
                "disk_id": "epd1inkovlm5qtb1gu4u",
                "initialize_params": [
                  {
                    "block_size": 4096,
                    "description": "",
                    "image_id": "fd89p7c1733dg28ssvev",
                    "name": "",
                    "size": 3,
                    "snapshot_id": "",
                    "type": "network-hdd"
                  }
                ],
                "mode": "READ_WRITE"
              }
            ],
            "created_at": "2022-04-12T12:17:42Z",
            "description": "",
            "folder_id": "b1gc2kft2tqjiqe4it7d",
            "fqdn": "epde7al8p0rbe1i9nli2.auto.internal",
            "hostname": "epde7al8p0rbe1i9nli2",
            "id": "epde7al8p0rbe1i9nli2",
            "labels": {},
            "metadata": {
              "ssh-keys": "ubuntu:ssh-rsa AAAAB3NzaC1yc2EAAAADAQABAAABgQDpdKatuQzrw1e2z4fKO/+XrUMn6Oqdzi1CBfb6pUw9XWsBd8rTA8rUpeiVXbvs3wr4FPdMJokZ5twgVkgm3voZOMgvtuLO8WPk3mnqXAeXSfsjkL/dh3sIHztKLSRY7tXbVWhLQRriCzdW6V3F4EGzl0Fyo5kLR9JL0zLZMyPrgBsT7CqZhLbfdPWocxj3ozhD4u0iPhGxZvjFXCZFw6dQ5K2GnUgAtM0Ed45Q24OZJvHtKdnd/6vsP+9bKGdx+oKnr9SYh+NwqkRPC1pW3EoTstfKtYzyzMQ8sgFGVvBLV0UEXsjSYzitvL/au+Yvc+9WzzCOL1JNOvAeqhhuvRjaO6df54K+8f/2PDUbWMOlU///pLCfUdZL3du7wU/DL0rqht2tpyD0zzqmF0DShVRN/mP9voZPTZ1qQXg1XjrJo1TWjM4XjPcwREIjZpWgqv7C9GThskpeO3ddElqD3lwHkQm/hehK4fUfYhfoRe/PVdCTufCKA0L3I8qJD8Hi4Yc= xhronx@ubuntu\n"
            },
            "name": "sf-vm-1",
            "network_acceleration_type": "standard",
            "network_interface": [
              {
                "dns_record": [],
                "index": 0,
                "ip_address": "192.168.10.25",
                "ipv4": true,
                "ipv6": false,
                "ipv6_address": "",
                "ipv6_dns_record": [],
                "mac_address": "d0:0d:e3:aa:a8:c8",
                "nat": true,
                "nat_dns_record": [],
                "nat_ip_address": "51.250.107.200",
                "nat_ip_version": "IPV4",
                "security_group_ids": [],
                "subnet_id": "e2l3q65ek84kcfd61iv5"
              }
            ],
            "placement_policy": [
              {
                "placement_group_id": ""
              }
            ],
            "platform_id": "standard-v1",
            "resources": [
              {
                "core_fraction": 100,
                "cores": 2,
                "gpus": 0,
                "memory": 2
              }
            ],
            "scheduling_policy": [
              {
                "preemptible": false
              }
            ],
            "secondary_disk": [],
            "service_account_id": "",
            "status": "running",
            "timeouts": null,
            "zone": "ru-central1-b"
          },
          "sensitive_attributes": [],
          "private": "eyJlMmJmYjczMC1lY2FhLTExZTYtOGY4OC0zNDM2M2JjN2M0YzAiOnsiY3JlYXRlIjozMDAwMDAwMDAwMDAsImRlbGV0ZSI6MzAwMDAwMDAwMDAwLCJ1cGRhdGUiOjMwMDAwMDAwMDAwMH0sInNjaGVtYV92ZXJzaW9uIjoiMSJ9",
          "dependencies": [
            "data.yandex_compute_image.my_image",
            "yandex_vpc_network.foo",
            "yandex_vpc_subnet.foo"
          ]
        }
      ]
    },
    {
      "mode": "managed",
      "type": "yandex_iam_service_account",
      "name": "sasa",
      "provider": "provider[\"terraform-registry.storage.yandexcloud.net/yandex-cloud/yandex\"]",
      "instances": [
        {
          "schema_version": 0,
          "attributes": {
            "created_at": "2022-04-12T12:17:41Z",
            "description": "sf service account to manage VMs",
            "folder_id": "b1gc2kft2tqjiqe4it7d",
            "id": "aje9l5votduu46586n0f",
            "name": "sfadm",
            "timeouts": null
          },
          "sensitive_attributes": [],
          "private": "eyJlMmJmYjczMC1lY2FhLTExZTYtOGY4OC0zNDM2M2JjN2M0YzAiOnsiY3JlYXRlIjo2MDAwMDAwMDAwMCwiZGVsZXRlIjo2MDAwMDAwMDAwMCwidXBkYXRlIjo2MDAwMDAwMDAwMH19"
        }
      ]
    },
    {
      "mode": "managed",
      "type": "yandex_iam_service_account_static_access_key",
      "name": "sasa-static-key",
      "provider": "provider[\"terraform-registry.storage.yandexcloud.net/yandex-cloud/yandex\"]",
      "instances": [
        {
          "schema_version": 0,
          "attributes": {
            "access_key": "YCAJEF2n1fZ8ivvLGe0sHK455",
            "created_at": "2022-04-12T12:17:41Z",
            "description": "static access key for object storage sfamd",
            "encrypted_secret_key": null,
            "id": "ajeovj3aph3471l64oe2",
            "key_fingerprint": null,
            "pgp_key": null,
            "secret_key": "YCOwl32O4N-fc9N11T52CVDy2iBt9GTtnPtuby25",
            "service_account_id": "aje9l5votduu46586n0f"
          },
          "sensitive_attributes": [],
          "private": "bnVsbA==",
          "dependencies": [
            "yandex_iam_service_account.sasa"
          ]
        }
      ]
    },
    {
      "mode": "managed",
      "type": "yandex_resourcemanager_folder_iam_member",
      "name": "admin",
      "provider": "provider[\"terraform-registry.storage.yandexcloud.net/yandex-cloud/yandex\"]",
      "instances": [
        {
          "schema_version": 0,
          "attributes": {
            "folder_id": "b1gc2kft2tqjiqe4it7d",
            "id": "b1gc2kft2tqjiqe4it7d/storage.editor/serviceAccount:aje9l5votduu46586n0f",
            "member": "serviceAccount:aje9l5votduu46586n0f",
            "role": "storage.editor",
            "sleep_after": null
          },
          "sensitive_attributes": [],
          "private": "bnVsbA==",
          "dependencies": [
            "yandex_iam_service_account.sasa"
          ]
        }
      ]
    },
    {
      "mode": "managed",
      "type": "yandex_vpc_network",
      "name": "foo",
      "provider": "provider[\"terraform-registry.storage.yandexcloud.net/yandex-cloud/yandex\"]",
      "instances": [
        {
          "schema_version": 0,
          "attributes": {
            "created_at": "2022-04-12T12:17:41Z",
            "default_security_group_id": "",
            "description": "",
            "folder_id": "b1gc2kft2tqjiqe4it7d",
            "id": "enpg657pk8hh109p801o",
            "labels": {},
            "name": "sf-network-1",
            "subnet_ids": [
              "e2l3q65ek84kcfd61iv5"
            ],
            "timeouts": null
          },
          "sensitive_attributes": [],
          "private": "eyJlMmJmYjczMC1lY2FhLTExZTYtOGY4OC0zNDM2M2JjN2M0YzAiOnsiY3JlYXRlIjo2MDAwMDAwMDAwMCwiZGVsZXRlIjo2MDAwMDAwMDAwMCwidXBkYXRlIjo2MDAwMDAwMDAwMH19"
        }
      ]
    },
    {
      "mode": "managed",
      "type": "yandex_vpc_subnet",
      "name": "foo",
      "provider": "provider[\"terraform-registry.storage.yandexcloud.net/yandex-cloud/yandex\"]",
      "instances": [
        {
          "schema_version": 0,
          "attributes": {
            "created_at": "2022-04-12T12:17:41Z",
            "description": "",
            "dhcp_options": [],
            "folder_id": "b1gc2kft2tqjiqe4it7d",
            "id": "e2l3q65ek84kcfd61iv5",
            "labels": {},
            "name": "sf-subnet-1",
            "network_id": "enpg657pk8hh109p801o",
            "route_table_id": "",
            "timeouts": null,
            "v4_cidr_blocks": [
              "192.168.10.0/24"
            ],
            "v6_cidr_blocks": [],
            "zone": "ru-central1-b"
          },
          "sensitive_attributes": [],
          "private": "eyJlMmJmYjczMC1lY2FhLTExZTYtOGY4OC0zNDM2M2JjN2M0YzAiOnsiY3JlYXRlIjoxODAwMDAwMDAwMDAsImRlbGV0ZSI6MTgwMDAwMDAwMDAwLCJ1cGRhdGUiOjE4MDAwMDAwMDAwMH19",
          "dependencies": [
            "yandex_vpc_network.foo"
          ]
        }
      ]
    }
  ]
}
