{
  "version": 4,
  "terraform_version": "1.1.8",
  "serial": 17,
  "lineage": "f69d3d87-c32a-bd45-b41f-6109b104bcba",
  "outputs": {
    "access_key": {
      "value": "YCAJET00zZft3mRnJdUIZZIbn",
      "type": "string"
    },
    "external_ip_address_sf-vm-1": {
      "value": "62.84.122.94",
      "type": "string"
    },
    "external_ip_address_vm_1": {
      "value": "62.84.123.35",
      "type": "string"
    },
    "external_ip_address_vm_2": {
      "value": "62.84.122.12",
      "type": "string"
    },
    "internal_ip_address_sf-vm-1": {
      "value": "192.168.10.32",
      "type": "string"
    },
    "internal_ip_address_vm_1": {
      "value": "192.168.11.22",
      "type": "string"
    },
    "internal_ip_address_vm_2": {
      "value": "192.168.12.12",
      "type": "string"
    },
    "secret_key": {
      "value": "YCNyRDhb495yAfXWX8vS-aCjqq7X5Xg0S8GgRH9C",
      "type": "string",
      "sensitive": true
    }
  },
  "resources": [
    {
      "mode": "managed",
      "type": "yandex_compute_instance",
      "name": "sf-vm-1",
      "provider": "provider[\"terraform-registry.storage.yandexcloud.net/yandex-cloud/yandex\"]",
      "instances": [
        {
          "schema_version": 1,
          "attributes": {
            "allow_stopping_for_update": null,
            "boot_disk": [
              {
                "auto_delete": true,
                "device_name": "epd0sjhmpe43gspnicti",
                "disk_id": "epd0sjhmpe43gspnicti",
                "initialize_params": [
                  {
                    "block_size": 4096,
                    "description": "",
                    "image_id": "fd81hgrcv6lsnkremf32",
                    "name": "",
                    "size": 3,
                    "snapshot_id": "",
                    "type": "network-hdd"
                  }
                ],
                "mode": "READ_WRITE"
              }
            ],
            "created_at": "2022-04-18T14:13:03Z",
            "description": "",
            "folder_id": "b1ghb1lptk8qjdn5qa8j",
            "fqdn": "epd6hc45bj8asnfavneb.auto.internal",
            "hostname": "epd6hc45bj8asnfavneb",
            "id": "epd6hc45bj8asnfavneb",
            "labels": {},
            "metadata": {
              "ssh-keys": "ubuntu:ssh-rsa AAAAB3NzaC1yc2EAAAADAQABAAABgQDpdKatuQzrw1e2z4fKO/+XrUMn6Oqdzi1CBfb6pUw9XWsBd8rTA8rUpeiVXbvs3wr4FPdMJokZ5twgVkgm3voZOMgvtuLO8WPk3mnqXAeXSfsjkL/dh3sIHztKLSRY7tXbVWhLQRriCzdW6V3F4EGzl0Fyo5kLR9JL0zLZMyPrgBsT7CqZhLbfdPWocxj3ozhD4u0iPhGxZvjFXCZFw6dQ5K2GnUgAtM0Ed45Q24OZJvHtKdnd/6vsP+9bKGdx+oKnr9SYh+NwqkRPC1pW3EoTstfKtYzyzMQ8sgFGVvBLV0UEXsjSYzitvL/au+Yvc+9WzzCOL1JNOvAeqhhuvRjaO6df54K+8f/2PDUbWMOlU///pLCfUdZL3du7wU/DL0rqht2tpyD0zzqmF0DShVRN/mP9voZPTZ1qQXg1XjrJo1TWjM4XjPcwREIjZpWgqv7C9GThskpeO3ddElqD3lwHkQm/hehK4fUfYhfoRe/PVdCTufCKA0L3I8qJD8Hi4Yc= xhronx@ubuntu\n"
            },
            "name": "sf-vm-1",
            "network_acceleration_type": "standard",
            "network_interface": [
              {
                "dns_record": [],
                "index": 0,
                "ip_address": "192.168.10.32",
                "ipv4": true,
                "ipv6": false,
                "ipv6_address": "",
                "ipv6_dns_record": [],
                "mac_address": "d0:0d:68:b0:85:5c",
                "nat": true,
                "nat_dns_record": [],
                "nat_ip_address": "62.84.122.94",
                "nat_ip_version": "IPV4",
                "security_group_ids": [],
                "subnet_id": "e2lm5n1l8nf794f2l776"
              }
            ],
            "placement_policy": [
              {
                "placement_group_id": ""
              }
            ],
            "platform_id": "standard-v1",
            "resources": [
              {
                "core_fraction": 100,
                "cores": 2,
                "gpus": 0,
                "memory": 2
              }
            ],
            "scheduling_policy": [
              {
                "preemptible": false
              }
            ],
            "secondary_disk": [],
            "service_account_id": "",
            "status": "running",
            "timeouts": null,
            "zone": "ru-central1-b"
          },
          "sensitive_attributes": [],
          "private": "eyJlMmJmYjczMC1lY2FhLTExZTYtOGY4OC0zNDM2M2JjN2M0YzAiOnsiY3JlYXRlIjozMDAwMDAwMDAwMDAsImRlbGV0ZSI6MzAwMDAwMDAwMDAwLCJ1cGRhdGUiOjMwMDAwMDAwMDAwMH0sInNjaGVtYV92ZXJzaW9uIjoiMSJ9",
          "dependencies": [
            "yandex_vpc_network.foo",
            "yandex_vpc_subnet.foo"
          ]
        }
      ]
    },
    {
      "mode": "managed",
      "type": "yandex_iam_service_account",
      "name": "sasa",
      "provider": "provider[\"terraform-registry.storage.yandexcloud.net/yandex-cloud/yandex\"]",
      "instances": [
        {
          "schema_version": 0,
          "attributes": {
            "created_at": "2022-04-18T14:13:01Z",
            "description": "sf service account to manage VMs",
            "folder_id": "b1ghb1lptk8qjdn5qa8j",
            "id": "ajeiej9ikquqgkqgqpsq",
            "name": "xhronx",
            "timeouts": null
          },
          "sensitive_attributes": [],
          "private": "eyJlMmJmYjczMC1lY2FhLTExZTYtOGY4OC0zNDM2M2JjN2M0YzAiOnsiY3JlYXRlIjo2MDAwMDAwMDAwMCwiZGVsZXRlIjo2MDAwMDAwMDAwMCwidXBkYXRlIjo2MDAwMDAwMDAwMH19"
        }
      ]
    },
    {
      "mode": "managed",
      "type": "yandex_iam_service_account_static_access_key",
      "name": "sasa-static-key",
      "provider": "provider[\"terraform-registry.storage.yandexcloud.net/yandex-cloud/yandex\"]",
      "instances": [
        {
          "schema_version": 0,
          "attributes": {
            "access_key": "YCAJET00zZft3mRnJdUIZZIbn",
            "created_at": "2022-04-18T14:13:02Z",
            "description": "static access key for object storage sfamd",
            "encrypted_secret_key": null,
            "id": "ajemqloktcc8lj861t6f",
            "key_fingerprint": null,
            "pgp_key": null,
            "secret_key": "YCNyRDhb495yAfXWX8vS-aCjqq7X5Xg0S8GgRH9C",
            "service_account_id": "ajeiej9ikquqgkqgqpsq"
          },
          "sensitive_attributes": [],
          "private": "bnVsbA==",
          "dependencies": [
            "yandex_iam_service_account.sasa"
          ]
        }
      ]
    },
    {
      "mode": "managed",
      "type": "yandex_resourcemanager_folder_iam_member",
      "name": "admin",
      "provider": "provider[\"terraform-registry.storage.yandexcloud.net/yandex-cloud/yandex\"]",
      "instances": [
        {
          "schema_version": 0,
          "attributes": {
            "folder_id": "b1ghb1lptk8qjdn5qa8j",
            "id": "b1ghb1lptk8qjdn5qa8j/storage.editor/serviceAccount:ajeiej9ikquqgkqgqpsq",
            "member": "serviceAccount:ajeiej9ikquqgkqgqpsq",
            "role": "storage.editor",
            "sleep_after": null
          },
          "sensitive_attributes": [],
          "private": "bnVsbA==",
          "dependencies": [
            "yandex_iam_service_account.sasa"
          ]
        }
      ]
    },
    {
      "mode": "managed",
      "type": "yandex_storage_bucket",
      "name": "test",
      "provider": "provider[\"terraform-registry.storage.yandexcloud.net/yandex-cloud/yandex\"]",
      "instances": [
        {
          "schema_version": 0,
          "attributes": {
            "access_key": "YCAJET00zZft3mRnJdUIZZIbn",
            "acl": "private",
            "bucket": "sf-tf-test-bucket-1",
            "bucket_domain_name": "sf-tf-test-bucket-1.storage.yandexcloud.net",
            "bucket_prefix": null,
            "cors_rule": [],
            "force_destroy": false,
            "grant": [],
            "id": "sf-tf-test-bucket-1",
            "lifecycle_rule": [],
            "logging": [],
            "policy": null,
            "secret_key": "YCNyRDhb495yAfXWX8vS-aCjqq7X5Xg0S8GgRH9C",
            "server_side_encryption_configuration": [],
            "versioning": [
              {
                "enabled": false
              }
            ],
            "website": [],
            "website_domain": null,
            "website_endpoint": null
          },
          "sensitive_attributes": [
            [
              {
                "type": "get_attr",
                "value": "secret_key"
              }
            ]
          ],
          "private": "bnVsbA==",
          "dependencies": [
            "yandex_iam_service_account.sasa",
            "yandex_iam_service_account_static_access_key.sasa-static-key"
          ]
        }
      ]
    },
    {
      "mode": "managed",
      "type": "yandex_vpc_network",
      "name": "foo",
      "provider": "provider[\"terraform-registry.storage.yandexcloud.net/yandex-cloud/yandex\"]",
      "instances": [
        {
          "schema_version": 0,
          "attributes": {
            "created_at": "2022-04-18T14:13:01Z",
            "default_security_group_id": "",
            "description": "",
            "folder_id": "b1ghb1lptk8qjdn5qa8j",
            "id": "enpsnn5ubbrl3vc3o8bu",
            "labels": {},
            "name": "sf-network-1",
            "subnet_ids": [
              "e2le0cijb6r1c2kkt0sn",
              "e2lf98h29i19os0kqqj7",
              "e2lm5n1l8nf794f2l776"
            ],
            "timeouts": null
          },
          "sensitive_attributes": [],
          "private": "eyJlMmJmYjczMC1lY2FhLTExZTYtOGY4OC0zNDM2M2JjN2M0YzAiOnsiY3JlYXRlIjo2MDAwMDAwMDAwMCwiZGVsZXRlIjo2MDAwMDAwMDAwMCwidXBkYXRlIjo2MDAwMDAwMDAwMH19"
        }
      ]
    },
    {
      "mode": "managed",
      "type": "yandex_vpc_subnet",
      "name": "foo",
      "provider": "provider[\"terraform-registry.storage.yandexcloud.net/yandex-cloud/yandex\"]",
      "instances": [
        {
          "schema_version": 0,
          "attributes": {
            "created_at": "2022-04-18T14:13:02Z",
            "description": "",
            "dhcp_options": [],
            "folder_id": "b1ghb1lptk8qjdn5qa8j",
            "id": "e2lm5n1l8nf794f2l776",
            "labels": {},
            "name": "sf-subnet-1",
            "network_id": "enpsnn5ubbrl3vc3o8bu",
            "route_table_id": "",
            "timeouts": null,
            "v4_cidr_blocks": [
              "192.168.10.0/24"
            ],
            "v6_cidr_blocks": [],
            "zone": "ru-central1-b"
          },
          "sensitive_attributes": [],
          "private": "eyJlMmJmYjczMC1lY2FhLTExZTYtOGY4OC0zNDM2M2JjN2M0YzAiOnsiY3JlYXRlIjoxODAwMDAwMDAwMDAsImRlbGV0ZSI6MTgwMDAwMDAwMDAwLCJ1cGRhdGUiOjE4MDAwMDAwMDAwMH19",
          "dependencies": [
            "yandex_vpc_network.foo"
          ]
        }
      ]
    },
    {
      "mode": "managed",
      "type": "yandex_vpc_subnet",
      "name": "subnet1",
      "provider": "provider[\"terraform-registry.storage.yandexcloud.net/yandex-cloud/yandex\"]",
      "instances": [
        {
          "schema_version": 0,
          "attributes": {
            "created_at": "2022-04-18T14:13:03Z",
            "description": "",
            "dhcp_options": [],
            "folder_id": "b1ghb1lptk8qjdn5qa8j",
            "id": "e2le0cijb6r1c2kkt0sn",
            "labels": {},
            "name": "subnet1",
            "network_id": "enpsnn5ubbrl3vc3o8bu",
            "route_table_id": "",
            "timeouts": null,
            "v4_cidr_blocks": [
              "192.168.11.0/24"
            ],
            "v6_cidr_blocks": [],
            "zone": "ru-central1-b"
          },
          "sensitive_attributes": [],
          "private": "eyJlMmJmYjczMC1lY2FhLTExZTYtOGY4OC0zNDM2M2JjN2M0YzAiOnsiY3JlYXRlIjoxODAwMDAwMDAwMDAsImRlbGV0ZSI6MTgwMDAwMDAwMDAwLCJ1cGRhdGUiOjE4MDAwMDAwMDAwMH19",
          "dependencies": [
            "yandex_vpc_network.foo"
          ]
        }
      ]
    },
    {
      "mode": "managed",
      "type": "yandex_vpc_subnet",
      "name": "subnet2",
      "provider": "provider[\"terraform-registry.storage.yandexcloud.net/yandex-cloud/yandex\"]",
      "instances": [
        {
          "schema_version": 0,
          "attributes": {
            "created_at": "2022-04-18T14:13:02Z",
            "description": "",
            "dhcp_options": [],
            "folder_id": "b1ghb1lptk8qjdn5qa8j",
            "id": "e2lf98h29i19os0kqqj7",
            "labels": {},
            "name": "subnet2",
            "network_id": "enpsnn5ubbrl3vc3o8bu",
            "route_table_id": "",
            "timeouts": null,
            "v4_cidr_blocks": [
              "192.168.12.0/24"
            ],
            "v6_cidr_blocks": [],
            "zone": "ru-central1-b"
          },
          "sensitive_attributes": [],
          "private": "eyJlMmJmYjczMC1lY2FhLTExZTYtOGY4OC0zNDM2M2JjN2M0YzAiOnsiY3JlYXRlIjoxODAwMDAwMDAwMDAsImRlbGV0ZSI6MTgwMDAwMDAwMDAwLCJ1cGRhdGUiOjE4MDAwMDAwMDAwMH19",
          "dependencies": [
            "yandex_vpc_network.foo"
          ]
        }
      ]
    },
    {
      "module": "module.module_instance_1",
      "mode": "data",
      "type": "yandex_compute_image",
      "name": "my_image",
      "provider": "provider[\"terraform-registry.storage.yandexcloud.net/yandex-cloud/yandex\"]",
      "instances": [
        {
          "schema_version": 0,
          "attributes": {
            "created_at": "2022-04-18T10:40:33Z",
            "description": "LEMP",
            "family": "lemp",
            "folder_id": "standard-images",
            "id": "fd817e9d4dcg661fnome",
            "image_id": "fd817e9d4dcg661fnome",
            "labels": {},
            "min_disk_size": 3,
            "name": "lemp-v20220418",
            "os_type": "linux",
            "pooled": true,
            "product_ids": [
              "f2e1ntt8i5mgn44h8htk",
              "f2ems5oni6sd9ch6lon6"
            ],
            "size": 2,
            "status": "ready"
          },
          "sensitive_attributes": []
        }
      ]
    },
    {
      "module": "module.module_instance_1",
      "mode": "managed",
      "type": "yandex_compute_instance",
      "name": "sf-vm",
      "provider": "provider[\"terraform-registry.storage.yandexcloud.net/yandex-cloud/yandex\"]",
      "instances": [
        {
          "schema_version": 1,
          "attributes": {
            "allow_stopping_for_update": null,
            "boot_disk": [
              {
                "auto_delete": true,
                "device_name": "epdne0mb4ctgoek1cot0",
                "disk_id": "epdne0mb4ctgoek1cot0",
                "initialize_params": [
                  {
                    "block_size": 4096,
                    "description": "",
                    "image_id": "fd817e9d4dcg661fnome",
                    "name": "",
                    "size": 3,
                    "snapshot_id": "",
                    "type": "network-hdd"
                  }
                ],
                "mode": "READ_WRITE"
              }
            ],
            "created_at": "2022-04-18T14:13:04Z",
            "description": "",
            "folder_id": "b1ghb1lptk8qjdn5qa8j",
            "fqdn": "epdcpue2lub7fc75863u.auto.internal",
            "hostname": "epdcpue2lub7fc75863u",
            "id": "epdcpue2lub7fc75863u",
            "labels": {},
            "metadata": {
              "ssh-keys": "ubuntu:ssh-rsa AAAAB3NzaC1yc2EAAAADAQABAAABgQDpdKatuQzrw1e2z4fKO/+XrUMn6Oqdzi1CBfb6pUw9XWsBd8rTA8rUpeiVXbvs3wr4FPdMJokZ5twgVkgm3voZOMgvtuLO8WPk3mnqXAeXSfsjkL/dh3sIHztKLSRY7tXbVWhLQRriCzdW6V3F4EGzl0Fyo5kLR9JL0zLZMyPrgBsT7CqZhLbfdPWocxj3ozhD4u0iPhGxZvjFXCZFw6dQ5K2GnUgAtM0Ed45Q24OZJvHtKdnd/6vsP+9bKGdx+oKnr9SYh+NwqkRPC1pW3EoTstfKtYzyzMQ8sgFGVvBLV0UEXsjSYzitvL/au+Yvc+9WzzCOL1JNOvAeqhhuvRjaO6df54K+8f/2PDUbWMOlU///pLCfUdZL3du7wU/DL0rqht2tpyD0zzqmF0DShVRN/mP9voZPTZ1qQXg1XjrJo1TWjM4XjPcwREIjZpWgqv7C9GThskpeO3ddElqD3lwHkQm/hehK4fUfYhfoRe/PVdCTufCKA0L3I8qJD8Hi4Yc= xhronx@ubuntu\n"
            },
            "name": "sf-modules-lemp",
            "network_acceleration_type": "standard",
            "network_interface": [
              {
                "dns_record": [],
                "index": 0,
                "ip_address": "192.168.11.22",
                "ipv4": true,
                "ipv6": false,
                "ipv6_address": "",
                "ipv6_dns_record": [],
                "mac_address": "d0:0d:cc:f9:c2:af",
                "nat": true,
                "nat_dns_record": [],
                "nat_ip_address": "62.84.123.35",
                "nat_ip_version": "IPV4",
                "security_group_ids": [],
                "subnet_id": "e2le0cijb6r1c2kkt0sn"
              }
            ],
            "placement_policy": [
              {
                "placement_group_id": ""
              }
            ],
            "platform_id": "standard-v1",
            "resources": [
              {
                "core_fraction": 100,
                "cores": 2,
                "gpus": 0,
                "memory": 2
              }
            ],
            "scheduling_policy": [
              {
                "preemptible": false
              }
            ],
            "secondary_disk": [],
            "service_account_id": "",
            "status": "running",
            "timeouts": null,
            "zone": "ru-central1-b"
          },
          "sensitive_attributes": [],
          "private": "eyJlMmJmYjczMC1lY2FhLTExZTYtOGY4OC0zNDM2M2JjN2M0YzAiOnsiY3JlYXRlIjozMDAwMDAwMDAwMDAsImRlbGV0ZSI6MzAwMDAwMDAwMDAwLCJ1cGRhdGUiOjMwMDAwMDAwMDAwMH0sInNjaGVtYV92ZXJzaW9uIjoiMSJ9",
          "dependencies": [
            "module.module_instance_1.data.yandex_compute_image.my_image",
            "yandex_vpc_network.foo",
            "yandex_vpc_subnet.subnet1"
          ]
        }
      ]
    },
    {
      "module": "module.module_instance_2",
      "mode": "data",
      "type": "yandex_compute_image",
      "name": "my_image",
      "provider": "provider[\"terraform-registry.storage.yandexcloud.net/yandex-cloud/yandex\"]",
      "instances": [
        {
          "schema_version": 0,
          "attributes": {
            "created_at": "2022-03-28T10:46:03Z",
            "description": "LAMP",
            "family": "lamp",
            "folder_id": "standard-images",
            "id": "fd832gltdaeepe0m2hi8",
            "image_id": "fd832gltdaeepe0m2hi8",
            "labels": {},
            "min_disk_size": 3,
            "name": "lamp-v20220328",
            "os_type": "linux",
            "pooled": true,
            "product_ids": [
              "f2e6vdivkk60dimjnptr",
              "f2e7dr2j4nn09ceb0ll4"
            ],
            "size": 2,
            "status": "ready"
          },
          "sensitive_attributes": []
        }
      ]
    },
    {
      "module": "module.module_instance_2",
      "mode": "managed",
      "type": "yandex_compute_instance",
      "name": "sf-vm",
      "provider": "provider[\"terraform-registry.storage.yandexcloud.net/yandex-cloud/yandex\"]",
      "instances": [
        {
          "schema_version": 1,
          "attributes": {
            "allow_stopping_for_update": null,
            "boot_disk": [
              {
                "auto_delete": true,
                "device_name": "epdstliidtvf7rvdbb3v",
                "disk_id": "epdstliidtvf7rvdbb3v",
                "initialize_params": [
                  {
                    "block_size": 4096,
                    "description": "",
                    "image_id": "fd832gltdaeepe0m2hi8",
                    "name": "",
                    "size": 3,
                    "snapshot_id": "",
                    "type": "network-hdd"
                  }
                ],
                "mode": "READ_WRITE"
              }
            ],
            "created_at": "2022-04-18T14:13:03Z",
            "description": "",
            "folder_id": "b1ghb1lptk8qjdn5qa8j",
            "fqdn": "epd9m51uv63e8v1tgl3t.auto.internal",
            "hostname": "epd9m51uv63e8v1tgl3t",
            "id": "epd9m51uv63e8v1tgl3t",
            "labels": {},
            "metadata": {
              "ssh-keys": "ubuntu:ssh-rsa AAAAB3NzaC1yc2EAAAADAQABAAABgQDpdKatuQzrw1e2z4fKO/+XrUMn6Oqdzi1CBfb6pUw9XWsBd8rTA8rUpeiVXbvs3wr4FPdMJokZ5twgVkgm3voZOMgvtuLO8WPk3mnqXAeXSfsjkL/dh3sIHztKLSRY7tXbVWhLQRriCzdW6V3F4EGzl0Fyo5kLR9JL0zLZMyPrgBsT7CqZhLbfdPWocxj3ozhD4u0iPhGxZvjFXCZFw6dQ5K2GnUgAtM0Ed45Q24OZJvHtKdnd/6vsP+9bKGdx+oKnr9SYh+NwqkRPC1pW3EoTstfKtYzyzMQ8sgFGVvBLV0UEXsjSYzitvL/au+Yvc+9WzzCOL1JNOvAeqhhuvRjaO6df54K+8f/2PDUbWMOlU///pLCfUdZL3du7wU/DL0rqht2tpyD0zzqmF0DShVRN/mP9voZPTZ1qQXg1XjrJo1TWjM4XjPcwREIjZpWgqv7C9GThskpeO3ddElqD3lwHkQm/hehK4fUfYhfoRe/PVdCTufCKA0L3I8qJD8Hi4Yc= xhronx@ubuntu\n"
            },
            "name": "sf-modules-lamp",
            "network_acceleration_type": "standard",
            "network_interface": [
              {
                "dns_record": [],
                "index": 0,
                "ip_address": "192.168.12.12",
                "ipv4": true,
                "ipv6": false,
                "ipv6_address": "",
                "ipv6_dns_record": [],
                "mac_address": "d0:0d:9b:14:3e:f9",
                "nat": true,
                "nat_dns_record": [],
                "nat_ip_address": "62.84.122.12",
                "nat_ip_version": "IPV4",
                "security_group_ids": [],
                "subnet_id": "e2lf98h29i19os0kqqj7"
              }
            ],
            "placement_policy": [
              {
                "placement_group_id": ""
              }
            ],
            "platform_id": "standard-v1",
            "resources": [
              {
                "core_fraction": 100,
                "cores": 2,
                "gpus": 0,
                "memory": 2
              }
            ],
            "scheduling_policy": [
              {
                "preemptible": false
              }
            ],
            "secondary_disk": [],
            "service_account_id": "",
            "status": "running",
            "timeouts": null,
            "zone": "ru-central1-b"
          },
          "sensitive_attributes": [],
          "private": "eyJlMmJmYjczMC1lY2FhLTExZTYtOGY4OC0zNDM2M2JjN2M0YzAiOnsiY3JlYXRlIjozMDAwMDAwMDAwMDAsImRlbGV0ZSI6MzAwMDAwMDAwMDAwLCJ1cGRhdGUiOjMwMDAwMDAwMDAwMH0sInNjaGVtYV92ZXJzaW9uIjoiMSJ9",
          "dependencies": [
            "module.module_instance_2.data.yandex_compute_image.my_image",
            "yandex_vpc_network.foo",
            "yandex_vpc_subnet.subnet2"
          ]
        }
      ]
    }
  ]
}
